{
  "version": 4,
  "terraform_version": "1.13.0",
  "serial": 15,
  "lineage": "20b8e770-aab5-5b66-d00e-6923a14e2218",
  "outputs": {
    "load_balancer_ip": {
      "value": "34.13.116.83",
      "type": "string"
    }
  },
  "resources": [
    {
      "mode": "managed",
      "type": "google_compute_backend_service",
      "name": "backend",
      "provider": "provider[\"registry.terraform.io/hashicorp/google\"]",
      "instances": [
        {
          "schema_version": 1,
          "attributes": {
            "affinity_cookie_ttl_sec": 0,
            "backend": [
              {
                "balancing_mode": "UTILIZATION",
                "capacity_scaler": 1,
                "custom_metrics": [],
                "description": "",
                "group": "https://www.googleapis.com/compute/v1/projects/white-inscriber-469614-a1/zones/us-central1-a/instanceGroups/apache-mig",
                "max_connections": 0,
                "max_connections_per_endpoint": 0,
                "max_connections_per_instance": 0,
                "max_rate": 0,
                "max_rate_per_endpoint": 0,
                "max_rate_per_instance": 0,
                "max_utilization": 0,
                "preference": ""
              }
            ],
            "cdn_policy": [],
            "circuit_breakers": [],
            "compression_mode": "",
            "connection_draining_timeout_sec": 300,
            "consistent_hash": [],
            "creation_timestamp": "2025-08-21T09:07:57.353-07:00",
            "custom_metrics": [],
            "custom_request_headers": [],
            "custom_response_headers": [],
            "description": "",
            "edge_security_policy": "",
            "enable_cdn": false,
            "external_managed_migration_state": "",
            "external_managed_migration_testing_percentage": 0,
            "fingerprint": "IVf6UoOBnQg=",
            "generated_id": 5737280319926237874,
            "health_checks": [
              "https://www.googleapis.com/compute/v1/projects/white-inscriber-469614-a1/global/healthChecks/apache-hc"
            ],
            "iap": [],
            "id": "projects/white-inscriber-469614-a1/global/backendServices/apache-backend",
            "ip_address_selection_policy": "",
            "load_balancing_scheme": "EXTERNAL",
            "locality_lb_policies": [],
            "locality_lb_policy": "",
            "log_config": [],
            "max_stream_duration": [],
            "name": "apache-backend",
            "outlier_detection": [],
            "port_name": "http",
            "project": "white-inscriber-469614-a1",
            "protocol": "HTTP",
            "security_policy": "",
            "security_settings": [],
            "self_link": "https://www.googleapis.com/compute/v1/projects/white-inscriber-469614-a1/global/backendServices/apache-backend",
            "service_lb_policy": "",
            "session_affinity": "NONE",
            "strong_session_affinity_cookie": [],
            "timeout_sec": 10,
            "timeouts": null,
            "tls_settings": []
          },
          "sensitive_attributes": [],
          "identity_schema_version": 0,
          "private": "eyJlMmJmYjczMC1lY2FhLTExZTYtOGY4OC0zNDM2M2JjN2M0YzAiOnsiY3JlYXRlIjoxMjAwMDAwMDAwMDAwLCJkZWxldGUiOjEyMDAwMDAwMDAwMDAsInVwZGF0ZSI6MTIwMDAwMDAwMDAwMH0sInNjaGVtYV92ZXJzaW9uIjoiMSJ9",
          "dependencies": [
            "google_compute_health_check.http",
            "google_compute_instance_group_manager.mig",
            "google_compute_instance_template.apache_template"
          ]
        }
      ]
    },
    {
      "mode": "managed",
      "type": "google_compute_firewall",
      "name": "allow_http",
      "provider": "provider[\"registry.terraform.io/hashicorp/google\"]",
      "instances": [
        {
          "schema_version": 1,
          "attributes": {
            "allow": [
              {
                "ports": [
                  "80"
                ],
                "protocol": "tcp"
              }
            ],
            "creation_timestamp": "2025-08-21T09:20:48.470-07:00",
            "deny": [],
            "description": "",
            "destination_ranges": [],
            "direction": "INGRESS",
            "disabled": false,
            "enable_logging": null,
            "id": "projects/white-inscriber-469614-a1/global/firewalls/allow-http-and-hc",
            "log_config": [],
            "name": "allow-http-and-hc",
            "network": "https://www.googleapis.com/compute/v1/projects/white-inscriber-469614-a1/global/networks/default",
            "params": [],
            "priority": 1000,
            "project": "white-inscriber-469614-a1",
            "self_link": "https://www.googleapis.com/compute/v1/projects/white-inscriber-469614-a1/global/firewalls/allow-http-and-hc",
            "source_ranges": [
              "0.0.0.0/0",
              "130.211.0.0/22",
              "35.191.0.0/16"
            ],
            "source_service_accounts": [],
            "source_tags": [],
            "target_service_accounts": [],
            "target_tags": [
              "web"
            ],
            "timeouts": null
          },
          "sensitive_attributes": [],
          "identity_schema_version": 0,
          "private": "eyJlMmJmYjczMC1lY2FhLTExZTYtOGY4OC0zNDM2M2JjN2M0YzAiOnsiY3JlYXRlIjoxMjAwMDAwMDAwMDAwLCJkZWxldGUiOjEyMDAwMDAwMDAwMDAsInVwZGF0ZSI6MTIwMDAwMDAwMDAwMH0sInNjaGVtYV92ZXJzaW9uIjoiMSJ9"
        }
      ]
    },
    {
      "mode": "managed",
      "type": "google_compute_global_address",
      "name": "lb_ip",
      "provider": "provider[\"registry.terraform.io/hashicorp/google\"]",
      "instances": [
        {
          "schema_version": 0,
          "attributes": {
            "address": "34.13.116.83",
            "address_type": "EXTERNAL",
            "creation_timestamp": "2025-08-21T09:25:47.065-07:00",
            "description": "",
            "effective_labels": {
              "goog-terraform-provisioned": "true"
            },
            "id": "projects/white-inscriber-469614-a1/global/addresses/apache-lb-ip",
            "ip_version": "",
            "label_fingerprint": "vezUS-42LLM=",
            "labels": null,
            "name": "apache-lb-ip",
            "network": "",
            "prefix_length": 0,
            "project": "white-inscriber-469614-a1",
            "purpose": "",
            "self_link": "https://www.googleapis.com/compute/v1/projects/white-inscriber-469614-a1/global/addresses/apache-lb-ip",
            "terraform_labels": {
              "goog-terraform-provisioned": "true"
            },
            "timeouts": null
          },
          "sensitive_attributes": [],
          "identity_schema_version": 0,
          "private": "eyJlMmJmYjczMC1lY2FhLTExZTYtOGY4OC0zNDM2M2JjN2M0YzAiOnsiY3JlYXRlIjoxMjAwMDAwMDAwMDAwLCJkZWxldGUiOjEyMDAwMDAwMDAwMDAsInVwZGF0ZSI6MTIwMDAwMDAwMDAwMH19"
        }
      ]
    },
    {
      "mode": "managed",
      "type": "google_compute_global_forwarding_rule",
      "name": "http",
      "provider": "provider[\"registry.terraform.io/hashicorp/google\"]",
      "instances": [
        {
          "schema_version": 0,
          "attributes": {
            "base_forwarding_rule": "",
            "description": "",
            "effective_labels": {},
            "external_managed_backend_bucket_migration_state": "",
            "external_managed_backend_bucket_migration_testing_percentage": 0,
            "forwarding_rule_id": 7012670742509319799,
            "id": "projects/white-inscriber-469614-a1/global/forwardingRules/apache-http-fr",
            "ip_address": "34.13.116.83",
            "ip_protocol": "TCP",
            "ip_version": "",
            "label_fingerprint": "42WmSpB8rSM=",
            "labels": null,
            "load_balancing_scheme": "EXTERNAL",
            "metadata_filters": [],
            "name": "apache-http-fr",
            "network": "",
            "network_tier": "PREMIUM",
            "no_automate_dns_zone": null,
            "port_range": "80-80",
            "project": "white-inscriber-469614-a1",
            "psc_connection_id": "",
            "psc_connection_status": "",
            "self_link": "https://www.googleapis.com/compute/v1/projects/white-inscriber-469614-a1/global/forwardingRules/apache-http-fr",
            "service_directory_registrations": [],
            "source_ip_ranges": null,
            "subnetwork": "",
            "target": "https://www.googleapis.com/compute/v1/projects/white-inscriber-469614-a1/global/targetHttpProxies/apache-http-proxy",
            "terraform_labels": {},
            "timeouts": null
          },
          "sensitive_attributes": [],
          "identity_schema_version": 0,
          "private": "eyJlMmJmYjczMC1lY2FhLTExZTYtOGY4OC0zNDM2M2JjN2M0YzAiOnsiY3JlYXRlIjoxMjAwMDAwMDAwMDAwLCJkZWxldGUiOjEyMDAwMDAwMDAwMDAsInVwZGF0ZSI6MTIwMDAwMDAwMDAwMH19",
          "dependencies": [
            "google_compute_backend_service.backend",
            "google_compute_global_address.lb_ip",
            "google_compute_health_check.http",
            "google_compute_instance_group_manager.mig",
            "google_compute_instance_template.apache_template",
            "google_compute_target_http_proxy.proxy",
            "google_compute_url_map.umap"
          ]
        }
      ]
    },
    {
      "mode": "managed",
      "type": "google_compute_health_check",
      "name": "http",
      "provider": "provider[\"registry.terraform.io/hashicorp/google\"]",
      "instances": [
        {
          "schema_version": 0,
          "attributes": {
            "check_interval_sec": 5,
            "creation_timestamp": "2025-08-21T09:07:14.968-07:00",
            "description": "",
            "grpc_health_check": [],
            "healthy_threshold": 2,
            "http2_health_check": [],
            "http_health_check": [
              {
                "host": "",
                "port": 80,
                "port_name": "",
                "port_specification": "",
                "proxy_header": "NONE",
                "request_path": "/",
                "response": ""
              }
            ],
            "https_health_check": [],
            "id": "projects/white-inscriber-469614-a1/global/healthChecks/apache-hc",
            "log_config": [
              {
                "enable": false
              }
            ],
            "name": "apache-hc",
            "project": "white-inscriber-469614-a1",
            "self_link": "https://www.googleapis.com/compute/v1/projects/white-inscriber-469614-a1/global/healthChecks/apache-hc",
            "source_regions": [],
            "ssl_health_check": [],
            "tcp_health_check": [],
            "timeout_sec": 5,
            "timeouts": null,
            "type": "HTTP",
            "unhealthy_threshold": 2
          },
          "sensitive_attributes": [],
          "identity_schema_version": 0,
          "private": "eyJlMmJmYjczMC1lY2FhLTExZTYtOGY4OC0zNDM2M2JjN2M0YzAiOnsiY3JlYXRlIjoxMjAwMDAwMDAwMDAwLCJkZWxldGUiOjEyMDAwMDAwMDAwMDAsInVwZGF0ZSI6MTIwMDAwMDAwMDAwMH19"
        }
      ]
    },
    {
      "mode": "managed",
      "type": "google_compute_instance_group_manager",
      "name": "mig",
      "provider": "provider[\"registry.terraform.io/hashicorp/google\"]",
      "instances": [
        {
          "schema_version": 0,
          "attributes": {
            "all_instances_config": [],
            "auto_healing_policies": [],
            "base_instance_name": "apache",
            "creation_timestamp": "2025-08-21T09:07:31.665-07:00",
            "description": "",
            "fingerprint": "KN4Tlt0i638=",
            "id": "projects/white-inscriber-469614-a1/zones/us-central1-a/instanceGroupManagers/apache-mig",
            "instance_group": "https://www.googleapis.com/compute/v1/projects/white-inscriber-469614-a1/zones/us-central1-a/instanceGroups/apache-mig",
            "instance_group_manager_id": 9013079652138941100,
            "instance_lifecycle_policy": [
              {
                "default_action_on_failure": "REPAIR",
                "force_update_on_repair": "NO"
              }
            ],
            "list_managed_instances_results": "PAGELESS",
            "name": "apache-mig",
            "named_port": [],
            "operation": null,
            "project": "white-inscriber-469614-a1",
            "resource_policies": [],
            "self_link": "https://www.googleapis.com/compute/v1/projects/white-inscriber-469614-a1/zones/us-central1-a/instanceGroupManagers/apache-mig",
            "standby_policy": [
              {
                "initial_delay_sec": 0,
                "mode": "MANUAL"
              }
            ],
            "stateful_disk": [],
            "stateful_external_ip": [],
            "stateful_internal_ip": [],
            "status": [
              {
                "all_instances_config": [
                  {
                    "current_revision": "",
                    "effective": true
                  }
                ],
                "is_stable": true,
                "stateful": [
                  {
                    "has_stateful_config": false,
                    "per_instance_configs": [
                      {
                        "all_effective": true
                      }
                    ]
                  }
                ],
                "version_target": [
                  {
                    "is_reached": true
                  }
                ]
              }
            ],
            "target_pools": [],
            "target_size": 2,
            "target_stopped_size": 0,
            "target_suspended_size": 0,
            "timeouts": null,
            "update_policy": [
              {
                "max_surge_fixed": 1,
                "max_surge_percent": 0,
                "max_unavailable_fixed": 1,
                "max_unavailable_percent": 0,
                "minimal_action": "REPLACE",
                "most_disruptive_allowed_action": "",
                "replacement_method": "SUBSTITUTE",
                "type": "OPPORTUNISTIC"
              }
            ],
            "version": [
              {
                "instance_template": "https://www.googleapis.com/compute/v1/projects/white-inscriber-469614-a1/global/instanceTemplates/apache-template",
                "name": "",
                "target_size": []
              }
            ],
            "wait_for_instances": false,
            "wait_for_instances_status": "STABLE",
            "zone": "us-central1-a"
          },
          "sensitive_attributes": [],
          "identity_schema_version": 0,
          "private": "eyJlMmJmYjczMC1lY2FhLTExZTYtOGY4OC0zNDM2M2JjN2M0YzAiOnsiY3JlYXRlIjo5MDAwMDAwMDAwMDAsImRlbGV0ZSI6OTAwMDAwMDAwMDAwLCJ1cGRhdGUiOjkwMDAwMDAwMDAwMH19",
          "dependencies": [
            "google_compute_instance_template.apache_template"
          ]
        }
      ]
    },
    {
      "mode": "managed",
      "type": "google_compute_instance_template",
      "name": "apache_template",
      "provider": "provider[\"registry.terraform.io/hashicorp/google\"]",
      "instances": [
        {
          "schema_version": 1,
          "attributes": {
            "advanced_machine_features": [],
            "can_ip_forward": false,
            "confidential_instance_config": [],
            "creation_timestamp": "2025-08-21T09:07:15.719-07:00",
            "description": "",
            "disk": [
              {
                "architecture": "",
                "auto_delete": true,
                "boot": true,
                "device_name": "persistent-disk-0",
                "disk_encryption_key": [],
                "disk_name": "",
                "disk_size_gb": 0,
                "disk_type": "pd-standard",
                "guest_os_features": [],
                "interface": "SCSI",
                "labels": {},
                "mode": "READ_WRITE",
                "provisioned_iops": 0,
                "provisioned_throughput": 0,
                "resource_manager_tags": {},
                "resource_policies": [],
                "source": "",
                "source_image": "projects/debian-cloud/global/images/family/debian-11",
                "source_image_encryption_key": [],
                "source_snapshot": "",
                "source_snapshot_encryption_key": [],
                "type": "PERSISTENT"
              }
            ],
            "effective_labels": {
              "goog-terraform-provisioned": "true"
            },
            "guest_accelerator": [],
            "id": "projects/white-inscriber-469614-a1/global/instanceTemplates/apache-template",
            "instance_description": "",
            "key_revocation_action_type": "",
            "labels": {},
            "machine_type": "e2-micro",
            "metadata": {},
            "metadata_fingerprint": "MHFgsAKp2uU=",
            "metadata_startup_script": "#!/bin/bash\napt-get update\napt-get install -y apache2\necho \"Welcome to Apache on MIG via Terraform!\" \u003e /var/www/html/index.html\nsystemctl enable apache2\nsystemctl start apache2\n",
            "min_cpu_platform": "",
            "name": "apache-template",
            "name_prefix": null,
            "network_interface": [
              {
                "access_config": [
                  {
                    "nat_ip": "",
                    "network_tier": "PREMIUM",
                    "public_ptr_domain_name": ""
                  }
                ],
                "alias_ip_range": [],
                "internal_ipv6_prefix_length": 0,
                "ipv6_access_config": [],
                "ipv6_access_type": "",
                "ipv6_address": "",
                "name": "nic0",
                "network": "https://www.googleapis.com/compute/v1/projects/white-inscriber-469614-a1/global/networks/default",
                "network_ip": "",
                "nic_type": "",
                "queue_count": 0,
                "stack_type": "",
                "subnetwork": "",
                "subnetwork_project": ""
              }
            ],
            "network_performance_config": [],
            "numeric_id": "1449935869322132188",
            "project": "white-inscriber-469614-a1",
            "region": null,
            "reservation_affinity": [],
            "resource_manager_tags": null,
            "resource_policies": null,
            "scheduling": [
              {
                "automatic_restart": true,
                "availability_domain": 0,
                "instance_termination_action": "",
                "local_ssd_recovery_timeout": [],
                "max_run_duration": [],
                "min_node_cpus": 0,
                "node_affinities": [],
                "on_host_maintenance": "MIGRATE",
                "on_instance_stop_action": [],
                "preemptible": false,
                "provisioning_model": "STANDARD",
                "termination_time": ""
              }
            ],
            "self_link": "https://www.googleapis.com/compute/v1/projects/white-inscriber-469614-a1/global/instanceTemplates/apache-template",
            "self_link_unique": "https://www.googleapis.com/compute/v1/projects/white-inscriber-469614-a1/global/instanceTemplates/apache-template?uniqueId=1449935869322132188",
            "service_account": [],
            "shielded_instance_config": [],
            "tags": [
              "web"
            ],
            "tags_fingerprint": "",
            "terraform_labels": {
              "goog-terraform-provisioned": "true"
            },
            "timeouts": null
          },
          "sensitive_attributes": [],
          "identity_schema_version": 0,
          "private": "eyJlMmJmYjczMC1lY2FhLTExZTYtOGY4OC0zNDM2M2JjN2M0YzAiOnsiY3JlYXRlIjoyNDAwMDAwMDAwMDAsImRlbGV0ZSI6MjQwMDAwMDAwMDAwfSwic2NoZW1hX3ZlcnNpb24iOiIxIn0="
        }
      ]
    },
    {
      "mode": "managed",
      "type": "google_compute_target_http_proxy",
      "name": "proxy",
      "provider": "provider[\"registry.terraform.io/hashicorp/google\"]",
      "instances": [
        {
          "schema_version": 0,
          "attributes": {
            "creation_timestamp": "2025-08-21T09:09:03.157-07:00",
            "description": "",
            "fingerprint": "n6E0NgS9weM=",
            "http_keep_alive_timeout_sec": 0,
            "id": "projects/white-inscriber-469614-a1/global/targetHttpProxies/apache-http-proxy",
            "name": "apache-http-proxy",
            "project": "white-inscriber-469614-a1",
            "proxy_bind": false,
            "proxy_id": 5792069083122563696,
            "self_link": "https://www.googleapis.com/compute/v1/projects/white-inscriber-469614-a1/global/targetHttpProxies/apache-http-proxy",
            "timeouts": null,
            "url_map": "https://www.googleapis.com/compute/v1/projects/white-inscriber-469614-a1/global/urlMaps/apache-url-map"
          },
          "sensitive_attributes": [],
          "identity_schema_version": 0,
          "private": "eyJlMmJmYjczMC1lY2FhLTExZTYtOGY4OC0zNDM2M2JjN2M0YzAiOnsiY3JlYXRlIjoxMjAwMDAwMDAwMDAwLCJkZWxldGUiOjEyMDAwMDAwMDAwMDAsInVwZGF0ZSI6MTIwMDAwMDAwMDAwMH19",
          "dependencies": [
            "google_compute_backend_service.backend",
            "google_compute_health_check.http",
            "google_compute_instance_group_manager.mig",
            "google_compute_instance_template.apache_template",
            "google_compute_url_map.umap"
          ]
        }
      ]
    },
    {
      "mode": "managed",
      "type": "google_compute_url_map",
      "name": "umap",
      "provider": "provider[\"registry.terraform.io/hashicorp/google\"]",
      "instances": [
        {
          "schema_version": 0,
          "attributes": {
            "creation_timestamp": "2025-08-21T09:08:51.112-07:00",
            "default_custom_error_response_policy": [],
            "default_route_action": [],
            "default_service": "https://www.googleapis.com/compute/v1/projects/white-inscriber-469614-a1/global/backendServices/apache-backend",
            "default_url_redirect": [],
            "description": "",
            "fingerprint": "spDTaJ_08SY=",
            "header_action": [],
            "host_rule": [],
            "id": "projects/white-inscriber-469614-a1/global/urlMaps/apache-url-map",
            "map_id": 8411628722818054780,
            "name": "apache-url-map",
            "path_matcher": [],
            "project": "white-inscriber-469614-a1",
            "self_link": "https://www.googleapis.com/compute/v1/projects/white-inscriber-469614-a1/global/urlMaps/apache-url-map",
            "test": [],
            "timeouts": null
          },
          "sensitive_attributes": [],
          "identity_schema_version": 0,
          "private": "eyJlMmJmYjczMC1lY2FhLTExZTYtOGY4OC0zNDM2M2JjN2M0YzAiOnsiY3JlYXRlIjoxMjAwMDAwMDAwMDAwLCJkZWxldGUiOjEyMDAwMDAwMDAwMDAsInVwZGF0ZSI6MTIwMDAwMDAwMDAwMH19",
          "dependencies": [
            "google_compute_backend_service.backend",
            "google_compute_health_check.http",
            "google_compute_instance_group_manager.mig",
            "google_compute_instance_template.apache_template"
          ]
        }
      ]
    }
  ],
  "check_results": null
}
